
Microsoft Visual Studio Solution File, Format Version 12.00
# Visual Studio Version 16
VisualStudioVersion = 16.0.29728.190
MinimumVisualStudioVersion = 10.0.40219.1
Project("{FAE04EC0-301F-11D3-BF4B-00C04F79EFBC}") = "QHouseMobile.Android", "QHouseMobile.Android\QHouseMobile.Android.csproj", "{042E2D9E-22A1-4F70-9D25-01D2E24E7374}"
EndProject
Project("{FAE04EC0-301F-11D3-BF4B-00C04F79EFBC}") = "QHouseMobile.iOS", "QHouseMobile.iOS\QHouseMobile.iOS.csproj", "{7B1E141A-BE82-4286-A811-723F262DF31F}"
EndProject
Project("{FAE04EC0-301F-11D3-BF4B-00C04F79EFBC}") = "QHouseMobile", "QHouseMobile\QHouseMobile.csproj", "{F939D980-AC7A-4ABD-AFF9-9F7AECCF7EAD}"
EndProject
Global
	GlobalSection(SolutionConfigurationPlatforms) = preSolution
		Debug|Any CPU = Debug|Any CPU
		Debug|iPhone = Debug|iPhone
		Debug|iPhoneSimulator = Debug|iPhoneSimulator
		Release|Any CPU = Release|Any CPU
		Release|iPhone = Release|iPhone
		Release|iPhoneSimulator = Release|iPhoneSimulator
	EndGlobalSection
	GlobalSection(ProjectConfigurationPlatforms) = postSolution
		{042E2D9E-22A1-4F70-9D25-01D2E24E7374}.Debug|Any CPU.ActiveCfg = Debug|Any CPU
		{042E2D9E-22A1-4F70-9D25-01D2E24E7374}.Debug|Any CPU.Build.0 = Debug|Any CPU
		{042E2D9E-22A1-4F70-9D25-01D2E24E7374}.Debug|Any CPU.Deploy.0 = Debug|Any CPU
		{042E2D9E-22A1-4F70-9D25-01D2E24E7374}.Debug|iPhone.ActiveCfg = Debug|Any CPU
		{042E2D9E-22A1-4F70-9D25-01D2E24E7374}.Debug|iPhone.Build.0 = Debug|Any CPU
		{042E2D9E-22A1-4F70-9D25-01D2E24E7374}.Debug|iPhone.Deploy.0 = Debug|Any CPU
		{042E2D9E-22A1-4F70-9D25-01D2E24E7374}.Debug|iPhoneSimulator.ActiveCfg = Debug|Any CPU
		{042E2D9E-22A1-4F70-9D25-01D2E24E7374}.Debug|iPhoneSimulator.Build.0 = Debug|Any CPU
		{042E2D9E-22A1-4F70-9D25-01D2E24E7374}.Debug|iPhoneSimulator.Deploy.0 = Debug|Any CPU
		{042E2D9E-22A1-4F70-9D25-01D2E24E7374}.Release|Any CPU.ActiveCfg = Release|Any CPU
		{042E2D9E-22A1-4F70-9D25-01D2E24E7374}.Release|Any CPU.Build.0 = Release|Any CPU
		{042E2D9E-22A1-4F70-9D25-01D2E24E7374}.Release|Any CPU.Deploy.0 = Release|Any CPU
		{042E2D9E-22A1-4F70-9D25-01D2E24E7374}.Release|iPhone.ActiveCfg = Release|Any CPU
		{042E2D9E-22A1-4F70-9D25-01D2E24E7374}.Release|iPhone.Build.0 = Release|Any CPU
		{042E2D9E-22A1-4F70-9D25-01D2E24E7374}.Release|iPhone.Deploy.0 = Release|Any CPU
		{042E2D9E-22A1-4F70-9D25-01D2E24E7374}.Release|iPhoneSimulator.ActiveCfg = Release|Any CPU
		{042E2D9E-22A1-4F70-9D25-01D2E24E7374}.Release|iPhoneSimulator.Build.0 = Release|Any CPU
		{042E2D9E-22A1-4F70-9D25-01D2E24E7374}.Release|iPhoneSimulator.Deploy.0 = Release|Any CPU
		{7B1E141A-BE82-4286-A811-723F262DF31F}.Debug|Any CPU.ActiveCfg = Debug|iPhoneSimulator
		{7B1E141A-BE82-4286-A811-723F262DF31F}.Debug|Any CPU.Build.0 = Debug|iPhoneSimulator
		{7B1E141A-BE82-4286-A811-723F262DF31F}.Debug|Any CPU.Deploy.0 = Debug|iPhoneSimulator
		{7B1E141A-BE82-4286-A811-723F262DF31F}.Debug|iPhone.ActiveCfg = Debug|iPhone
		{7B1E141A-BE82-4286-A811-723F262DF31F}.Debug|iPhone.Build.0 = Debug|iPhone
		{7B1E141A-BE82-4286-A811-723F262DF31F}.Debug|iPhone.Deploy.0 = Debug|iPhone
		{7B1E141A-BE82-4286-A811-723F262DF31F}.Debug|iPhoneSimulator.ActiveCfg = Debug|iPhoneSimulator
		{7B1E141A-BE82-4286-A811-723F262DF31F}.Debug|iPhoneSimulator.Build.0 = Debug|iPhoneSimulator
		{7B1E141A-BE82-4286-A811-723F262DF31F}.Debug|iPhoneSimulator.Deploy.0 = Debug|iPhoneSimulator
		{7B1E141A-BE82-4286-A811-723F262DF31F}.Release|Any CPU.ActiveCfg = Release|iPhone
		{7B1E141A-BE82-4286-A811-723F262DF31F}.Release|Any CPU.Build.0 = Release|iPhone
		{7B1E141A-BE82-4286-A811-723F262DF31F}.Release|Any CPU.Deploy.0 = Release|iPhone
		{7B1E141A-BE82-4286-A811-723F262DF31F}.Release|iPhone.ActiveCfg = Release|iPhone
		{7B1E141A-BE82-4286-A811-723F262DF31F}.Release|iPhone.Build.0 = Release|iPhone
		{7B1E141A-BE82-4286-A811-723F262DF31F}.Release|iPhone.Deploy.0 = Release|iPhone
		{7B1E141A-BE82-4286-A811-723F262DF31F}.Release|iPhoneSimulator.ActiveCfg = Release|iPhoneSimulator
		{7B1E141A-BE82-4286-A811-723F262DF31F}.Release|iPhoneSimulator.Build.0 = Release|iPhoneSimulator
		{7B1E141A-BE82-4286-A811-723F262DF31F}.Release|iPhoneSimulator.Deploy.0 = Release|iPhoneSimulator
		{F939D980-AC7A-4ABD-AFF9-9F7AECCF7EAD}.Debug|Any CPU.ActiveCfg = Debug|Any CPU
		{F939D980-AC7A-4ABD-AFF9-9F7AECCF7EAD}.Debug|Any CPU.Build.0 = Debug|Any CPU
		{F939D980-AC7A-4ABD-AFF9-9F7AECCF7EAD}.Debug|Any CPU.Deploy.0 = Debug|Any CPU
		{F939D980-AC7A-4ABD-AFF9-9F7AECCF7EAD}.Debug|iPhone.ActiveCfg = Debug|Any CPU
		{F939D980-AC7A-4ABD-AFF9-9F7AECCF7EAD}.Debug|iPhone.Build.0 = Debug|Any CPU
		{F939D980-AC7A-4ABD-AFF9-9F7AECCF7EAD}.Debug|iPhone.Deploy.0 = Debug|Any CPU
		{F939D980-AC7A-4ABD-AFF9-9F7AECCF7EAD}.Debug|iPhoneSimulator.ActiveCfg = Debug|Any CPU
		{F939D980-AC7A-4ABD-AFF9-9F7AECCF7EAD}.Debug|iPhoneSimulator.Build.0 = Debug|Any CPU
		{F939D980-AC7A-4ABD-AFF9-9F7AECCF7EAD}.Debug|iPhoneSimulator.Deploy.0 = Debug|Any CPU
		{F939D980-AC7A-4ABD-AFF9-9F7AECCF7EAD}.Release|Any CPU.ActiveCfg = Release|Any CPU
		{F939D980-AC7A-4ABD-AFF9-9F7AECCF7EAD}.Release|Any CPU.Build.0 = Release|Any CPU
		{F939D980-AC7A-4ABD-AFF9-9F7AECCF7EAD}.Release|Any CPU.Deploy.0 = Release|Any CPU
		{F939D980-AC7A-4ABD-AFF9-9F7AECCF7EAD}.Release|iPhone.ActiveCfg = Release|Any CPU
		{F939D980-AC7A-4ABD-AFF9-9F7AECCF7EAD}.Release|iPhone.Build.0 = Release|Any CPU
		{F939D980-AC7A-4ABD-AFF9-9F7AECCF7EAD}.Release|iPhone.Deploy.0 = Release|Any CPU
		{F939D980-AC7A-4ABD-AFF9-9F7AECCF7EAD}.Release|iPhoneSimulator.ActiveCfg = Release|Any CPU
		{F939D980-AC7A-4ABD-AFF9-9F7AECCF7EAD}.Release|iPhoneSimulator.Build.0 = Release|Any CPU
		{F939D980-AC7A-4ABD-AFF9-9F7AECCF7EAD}.Release|iPhoneSimulator.Deploy.0 = Release|Any CPU
	EndGlobalSection
	GlobalSection(SolutionProperties) = preSolution
		HideSolutionNode = FALSE
	EndGlobalSection
	GlobalSection(ExtensibilityGlobals) = postSolution
		SolutionGuid = {9B1CDF47-CACA-4129-99B6-FD5A21F63705}
	EndGlobalSection
EndGlobal
